lockfileVersion: '6.0'

settings:
  autoInstallPeers: true
  excludeLinksFromLockfile: false

devDependencies:
  '@nestjs/common':
    specifier: ^10.2.5
    version: 10.2.5(reflect-metadata@0.1.13)(rxjs@7.8.1)
  '@nestjs/core':
    specifier: ^10.2.5
    version: 10.2.5(@nestjs/common@10.2.5)(reflect-metadata@0.1.13)(rxjs@7.8.1)
  '@types/node':
    specifier: ^18.17.17
    version: 18.17.17
  knex:
    specifier: ^2.5.1
    version: 2.5.1
  rxjs:
    specifier: ^7.8.1
    version: 7.8.1
  typescript:
    specifier: ^5.1.6
    version: 5.2.2

packages:

  /@lukeed/csprng@1.1.0:
    resolution: {integrity: sha512-Z7C/xXCiGWsg0KuKsHTKJxbWhpI3Vs5GwLfOean7MGyVFGqdRgBbAjOCh6u4bbjPc/8MJ2pZmK/0DLdCbivLDA==}
    engines: {node: '>=8'}
    dev: true

  /@nestjs/common@10.2.5(reflect-metadata@0.1.13)(rxjs@7.8.1):
    resolution: {integrity: sha512-2BfkPZKmTVxflm8bhmClKKcHwhlyweEfbM25g7ldXIK9+utCPVXqBfZGORj2L8QagiT6bei48FJmGc2S1tiFEQ==}
    peerDependencies:
      class-transformer: '*'
      class-validator: '*'
      reflect-metadata: ^0.1.12
      rxjs: ^7.1.0
    peerDependenciesMeta:
      class-transformer:
        optional: true
      class-validator:
        optional: true
    dependencies:
      iterare: 1.2.1
      reflect-metadata: 0.1.13
      rxjs: 7.8.1
      tslib: 2.6.2
      uid: 2.0.2
    dev: true

  /@nestjs/core@10.2.5(@nestjs/common@10.2.5)(reflect-metadata@0.1.13)(rxjs@7.8.1):
    resolution: {integrity: sha512-O9AycZc4MjzIFrvCxcQVqfSNuN9eHZrfyVcYkp9CMPj6lGd9TQCZX2MmaP1CWs4UJBmTKflPdtPJ0sj9iIuvLQ==}
    requiresBuild: true
    peerDependencies:
      '@nestjs/common': ^10.0.0
      '@nestjs/microservices': ^10.0.0
      '@nestjs/platform-express': ^10.0.0
      '@nestjs/websockets': ^10.0.0
      reflect-metadata: ^0.1.12
      rxjs: ^7.1.0
    peerDependenciesMeta:
      '@nestjs/microservices':
        optional: true
      '@nestjs/platform-express':
        optional: true
      '@nestjs/websockets':
        optional: true
    dependencies:
      '@nestjs/common': 10.2.5(reflect-metadata@0.1.13)(rxjs@7.8.1)
      '@nuxtjs/opencollective': 0.3.2
      fast-safe-stringify: 2.1.1
      iterare: 1.2.1
      path-to-regexp: 3.2.0
      reflect-metadata: 0.1.13
      rxjs: 7.8.1
      tslib: 2.6.2
      uid: 2.0.2
    transitivePeerDependencies:
      - encoding
    dev: true

  /@nuxtjs/opencollective@0.3.2:
    resolution: {integrity: sha512-um0xL3fO7Mf4fDxcqx9KryrB7zgRM5JSlvGN5AGkP6JLM5XEKyjeAiPbNxdXVXQ16isuAhYpvP88NgL2BGd6aA==}
    engines: {node: '>=8.0.0', npm: '>=5.0.0'}
    hasBin: true
    dependencies:
      chalk: 4.1.2
      consola: 2.15.3
      node-fetch: 2.7.0
    transitivePeerDependencies:
      - encoding
    dev: true

  /@types/node@18.17.17:
    resolution: {integrity: sha512-cOxcXsQ2sxiwkykdJqvyFS+MLQPLvIdwh5l6gNg8qF6s+C7XSkEWOZjK+XhUZd+mYvHV/180g2cnCcIl4l06Pw==}
    dev: true

  /ansi-styles@4.3.0:
    resolution: {integrity: sha512-zbB9rCJAT1rbjiVDb2hqKFHNYLxgtk8NURxZ3IZwD3F6NtxbXZQCnnSi1Lkx+IDohdPlFp222wVALIheZJQSEg==}
    engines: {node: '>=8'}
    dependencies:
      color-convert: 2.0.1
    dev: true

  /chalk@4.1.2:
    resolution: {integrity: sha512-oKnbhFyRIXpUuez8iBMmyEa4nbj4IOQyuhc/wy9kY7/WVPcwIO9VA668Pu8RkO7+0G76SLROeyw9CpQ061i4mA==}
    engines: {node: '>=10'}
    dependencies:
      ansi-styles: 4.3.0
      supports-color: 7.2.0
    dev: true

  /color-convert@2.0.1:
    resolution: {integrity: sha512-RRECPsj7iu/xb5oKYcsFHSppFNnsj/52OVTRKb4zP5onXwVF3zVmmToNcOfGC+CRDpfK/U584fMg38ZHCaElKQ==}
    engines: {node: '>=7.0.0'}
    dependencies:
      color-name: 1.1.4
    dev: true

  /color-name@1.1.4:
    resolution: {integrity: sha512-dOy+3AuW3a2wNbZHIuMZpTcgjGuLU/uBL/ubcZF9OXbDo8ff4O8yVp5Bf0efS8uEoYo5q4Fx7dY9OgQGXgAsQA==}
    dev: true

  /colorette@2.0.19:
    resolution: {integrity: sha512-3tlv/dIP7FWvj3BsbHrGLJ6l/oKh1O3TcgBqMn+yyCagOxc23fyzDS6HypQbgxWbkpDnf52p1LuR4eWDQ/K9WQ==}
    dev: true

  /commander@10.0.1:
    resolution: {integrity: sha512-y4Mg2tXshplEbSGzx7amzPwKKOCGuoSRP/CjEdwwk0FOGlUbq6lKuoyDZTNZkmxHdJtp54hdfY/JUrdL7Xfdug==}
    engines: {node: '>=14'}
    dev: true

  /consola@2.15.3:
    resolution: {integrity: sha512-9vAdYbHj6x2fLKC4+oPH0kFzY/orMZyG2Aj+kNylHxKGJ/Ed4dpNyAQYwJOdqO4zdM7XpVHmyejQDcQHrnuXbw==}
    dev: true

  /debug@4.3.4:
    resolution: {integrity: sha512-PRWFHuSU3eDtQJPvnNY7Jcket1j0t5OuOsFzPPzsekD52Zl8qUfFIPEiswXqIvHWGVHOgX+7G/vCNNhehwxfkQ==}
    engines: {node: '>=6.0'}
    peerDependencies:
      supports-color: '*'
    peerDependenciesMeta:
      supports-color:
        optional: true
    dependencies:
      ms: 2.1.2
    dev: true

  /escalade@3.1.1:
    resolution: {integrity: sha512-k0er2gUkLf8O0zKJiAhmkTnJlTvINGv7ygDNPbeIsX/TJjGJZHuh9B2UxbsaEkmlEo9MfhrSzmhIlhRlI2GXnw==}
    engines: {node: '>=6'}
    dev: true

  /esm@3.2.25:
    resolution: {integrity: sha512-U1suiZ2oDVWv4zPO56S0NcR5QriEahGtdN2OR6FiOG4WJvcjBVFB0qI4+eKoWFH483PKGuLuu6V8Z4T5g63UVA==}
    engines: {node: '>=6'}
    dev: true

  /fast-safe-stringify@2.1.1:
    resolution: {integrity: sha512-W+KJc2dmILlPplD/H4K9l9LcAHAfPtP6BY84uVLXQ6Evcz9Lcg33Y2z1IVblT6xdY54PXYVHEv+0Wpq8Io6zkA==}
    dev: true

  /function-bind@1.1.1:
    resolution: {integrity: sha512-yIovAzMX49sF8Yl58fSCWJ5svSLuaibPxXQJFLmBObTuCr0Mf1KiPopGM9NiFjiYBCbfaa2Fh6breQ6ANVTI0A==}
    dev: true

  /get-package-type@0.1.0:
    resolution: {integrity: sha512-pjzuKtY64GYfWizNAJ0fr9VqttZkNiK2iS430LtIHzjBEr6bX8Am2zm4sW4Ro5wjWW5cAlRL1qAMTcXbjNAO2Q==}
    engines: {node: '>=8.0.0'}
    dev: true

  /getopts@2.3.0:
    resolution: {integrity: sha512-5eDf9fuSXwxBL6q5HX+dhDj+dslFGWzU5thZ9kNKUkcPtaPdatmUFKwHFrLb/uf/WpA4BHET+AX3Scl56cAjpA==}
    dev: true

  /has-flag@4.0.0:
    resolution: {integrity: sha512-EykJT/Q1KjTWctppgIAgfSO0tKVuZUjhgMr17kqTumMl6Afv3EISleU7qZUzoXDFTAHTDC4NOoG/ZxU3EvlMPQ==}
    engines: {node: '>=8'}
    dev: true

  /has@1.0.3:
    resolution: {integrity: sha512-f2dvO0VU6Oej7RkWJGrehjbzMAjFp5/VKPp5tTpWIV4JHHZK1/BxbFRtf/siA2SWTe09caDmVtYYzWEIbBS4zw==}
    engines: {node: '>= 0.4.0'}
    dependencies:
      function-bind: 1.1.1
    dev: true

  /interpret@2.2.0:
    resolution: {integrity: sha512-Ju0Bz/cEia55xDwUWEa8+olFpCiQoypjnQySseKtmjNrnps3P+xfpUmGr90T7yjlVJmOtybRvPXhKMbHr+fWnw==}
    engines: {node: '>= 0.10'}
    dev: true

  /is-core-module@2.13.0:
    resolution: {integrity: sha512-Z7dk6Qo8pOCp3l4tsX2C5ZVas4V+UxwQodwZhLopL91TX8UyyHEXafPcyoeeWuLrwzHcr3igO78wNLwHJHsMCQ==}
    dependencies:
      has: 1.0.3
    dev: true

  /iterare@1.2.1:
    resolution: {integrity: sha512-RKYVTCjAnRthyJes037NX/IiqeidgN1xc3j1RjFfECFp28A1GVwK9nA+i0rJPaHqSZwygLzRnFlzUuHFoWWy+Q==}
    engines: {node: '>=6'}
    dev: true

  /knex@2.5.1:
    resolution: {integrity: sha512-z78DgGKUr4SE/6cm7ku+jHvFT0X97aERh/f0MUKAKgFnwCYBEW4TFBqtHWFYiJFid7fMrtpZ/gxJthvz5mEByA==}
    engines: {node: '>=12'}
    hasBin: true
    peerDependencies:
      better-sqlite3: '*'
      mysql: '*'
      mysql2: '*'
      pg: '*'
      pg-native: '*'
      sqlite3: '*'
      tedious: '*'
    peerDependenciesMeta:
      better-sqlite3:
        optional: true
      mysql:
        optional: true
      mysql2:
        optional: true
      pg:
        optional: true
      pg-native:
        optional: true
      sqlite3:
        optional: true
      tedious:
        optional: true
    dependencies:
      colorette: 2.0.19
      commander: 10.0.1
      debug: 4.3.4
      escalade: 3.1.1
      esm: 3.2.25
      get-package-type: 0.1.0
      getopts: 2.3.0
      interpret: 2.2.0
      lodash: 4.17.21
      pg-connection-string: 2.6.1
      rechoir: 0.8.0
      resolve-from: 5.0.0
      tarn: 3.0.2
      tildify: 2.0.0
    transitivePeerDependencies:
      - supports-color
    dev: true

  /lodash@4.17.21:
    resolution: {integrity: sha512-v2kDEe57lecTulaDIuNTPy3Ry4gLGJ6Z1O3vE1krgXZNrsQ+LFTGHVxVjcXPs17LhbZVGedAJv8XZ1tvj5FvSg==}
    dev: true

  /ms@2.1.2:
    resolution: {integrity: sha512-sGkPx+VjMtmA6MX27oA4FBFELFCZZ4S4XqeGOXCv68tT+jb3vk/RyaKWP0PTKyWtmLSM0b+adUTEvbs1PEaH2w==}
    dev: true

  /node-fetch@2.7.0:
    resolution: {integrity: sha512-c4FRfUm/dbcWZ7U+1Wq0AwCyFL+3nt2bEw05wfxSz+DWpWsitgmSgYmy2dQdWyKC1694ELPqMs/YzUSNozLt8A==}
    engines: {node: 4.x || >=6.0.0}
    peerDependencies:
      encoding: ^0.1.0
    peerDependenciesMeta:
      encoding:
        optional: true
    dependencies:
      whatwg-url: 5.0.0
    dev: true

  /path-parse@1.0.7:
    resolution: {integrity: sha512-LDJzPVEEEPR+y48z93A0Ed0yXb8pAByGWo/k5YYdYgpY2/2EsOsksJrq7lOHxryrVOn1ejG6oAp8ahvOIQD8sw==}
    dev: true

  /path-to-regexp@3.2.0:
    resolution: {integrity: sha512-jczvQbCUS7XmS7o+y1aEO9OBVFeZBQ1MDSEqmO7xSoPgOPoowY/SxLpZ6Vh97/8qHZOteiCKb7gkG9gA2ZUxJA==}
    dev: true

  /pg-connection-string@2.6.1:
    resolution: {integrity: sha512-w6ZzNu6oMmIzEAYVw+RLK0+nqHPt8K3ZnknKi+g48Ak2pr3dtljJW3o+D/n2zzCG07Zoe9VOX3aiKpj+BN0pjg==}
    dev: true

  /rechoir@0.8.0:
    resolution: {integrity: sha512-/vxpCXddiX8NGfGO/mTafwjq4aFa/71pvamip0++IQk3zG8cbCj0fifNPrjjF1XMXUne91jL9OoxmdykoEtifQ==}
    engines: {node: '>= 10.13.0'}
    dependencies:
      resolve: 1.22.6
    dev: true

  /reflect-metadata@0.1.13:
    resolution: {integrity: sha512-Ts1Y/anZELhSsjMcU605fU9RE4Oi3p5ORujwbIKXfWa+0Zxs510Qrmrce5/Jowq3cHSZSJqBjypxmHarc+vEWg==}
    dev: true

  /resolve-from@5.0.0:
    resolution: {integrity: sha512-qYg9KP24dD5qka9J47d0aVky0N+b4fTU89LN9iDnjB5waksiC49rvMB0PrUJQGoTmH50XPiqOvAjDfaijGxYZw==}
    engines: {node: '>=8'}
    dev: true

  /resolve@1.22.6:
    resolution: {integrity: sha512-njhxM7mV12JfufShqGy3Rz8j11RPdLy4xi15UurGJeoHLfJpVXKdh3ueuOqbYUcDZnffr6X739JBo5LzyahEsw==}
    hasBin: true
    dependencies:
      is-core-module: 2.13.0
      path-parse: 1.0.7
      supports-preserve-symlinks-flag: 1.0.0
    dev: true

  /rxjs@7.8.1:
    resolution: {integrity: sha512-AA3TVj+0A2iuIoQkWEK/tqFjBq2j+6PO6Y0zJcvzLAFhEFIO3HL0vls9hWLncZbAAbK0mar7oZ4V079I/qPMxg==}
    dependencies:
      tslib: 2.6.2
    dev: true

  /supports-color@7.2.0:
    resolution: {integrity: sha512-qpCAvRl9stuOHveKsn7HncJRvv501qIacKzQlO/+Lwxc9+0q2wLyv4Dfvt80/DPn2pqOBsJdDiogXGR9+OvwRw==}
    engines: {node: '>=8'}
    dependencies:
      has-flag: 4.0.0
    dev: true

  /supports-preserve-symlinks-flag@1.0.0:
    resolution: {integrity: sha512-ot0WnXS9fgdkgIcePe6RHNk1WA8+muPa6cSjeR3V8K27q9BB1rTE3R1p7Hv0z1ZyAc8s6Vvv8DIyWf681MAt0w==}
    engines: {node: '>= 0.4'}
    dev: true

  /tarn@3.0.2:
    resolution: {integrity: sha512-51LAVKUSZSVfI05vjPESNc5vwqqZpbXCsU+/+wxlOrUjk2SnFTt97v9ZgQrD4YmxYW1Px6w2KjaDitCfkvgxMQ==}
    engines: {node: '>=8.0.0'}
    dev: true

  /tildify@2.0.0:
    resolution: {integrity: sha512-Cc+OraorugtXNfs50hU9KS369rFXCfgGLpfCfvlc+Ud5u6VWmUQsOAa9HbTvheQdYnrdJqqv1e5oIqXppMYnSw==}
    engines: {node: '>=8'}
    dev: true

  /tr46@0.0.3:
    resolution: {integrity: sha512-N3WMsuqV66lT30CrXNbEjx4GEwlow3v6rr4mCcv6prnfwhS01rkgyFdjPNBYd9br7LpXV1+Emh01fHnq2Gdgrw==}
    dev: true

  /tslib@2.6.2:
    resolution: {integrity: sha512-AEYxH93jGFPn/a2iVAwW87VuUIkR1FVUKB77NwMF7nBTDkDrrT/Hpt/IrCJ0QXhW27jTBDcf5ZY7w6RiqTMw2Q==}
    dev: true

  /typescript@5.2.2:
    resolution: {integrity: sha512-mI4WrpHsbCIcwT9cF4FZvr80QUeKvsUsUvKDoR+X/7XHQH98xYD8YHZg7ANtz2GtZt/CBq2QJ0thkGJMHfqc1w==}
    engines: {node: '>=14.17'}
    hasBin: true
    dev: true

  /uid@2.0.2:
    resolution: {integrity: sha512-u3xV3X7uzvi5b1MncmZo3i2Aw222Zk1keqLA1YkHldREkAhAqi65wuPfe7lHx8H/Wzy+8CE7S7uS3jekIM5s8g==}
    engines: {node: '>=8'}
    dependencies:
      '@lukeed/csprng': 1.1.0
    dev: true

  /webidl-conversions@3.0.1:
    resolution: {integrity: sha512-2JAn3z8AR6rjK8Sm8orRC0h/bcl/DqL7tRPdGZ4I1CjdF+EaMLmYxBHyXuKL849eucPFhvBoxMsflfOb8kxaeQ==}
    dev: true

  /whatwg-url@5.0.0:
    resolution: {integrity: sha512-saE57nupxk6v3HY35+jzBwYa0rKSy0XR8JSxZPwgLr7ys0IBzhGviA1/TUGJLmSVqs8pb9AnvICXEuOHLprYTw==}
    dependencies:
      tr46: 0.0.3
      webidl-conversions: 3.0.1
    dev: true
